<?xml version="1.0" encoding="utf-8"?>
<Project ToolsVersion="4.0" xmlns="http://schemas.microsoft.com/developer/msbuild/2003">
  <ItemGroup>
    <Filter Include="src">
      <UniqueIdentifier>{4FC737F1-C7A5-4376-A066-2A32D752A2FF}</UniqueIdentifier>
      <Extensions>cpp;c;cc;cxx;def;odl;idl;hpj;bat;asm;asmx</Extensions>
    </Filter>
    <Filter Include="ast">
      <UniqueIdentifier>{df3172f5-a728-47a2-a1f8-a206024b55f2}</UniqueIdentifier>
    </Filter>
    <Filter Include="parser">
      <UniqueIdentifier>{1380a6a6-54a1-4870-898a-f320cd4932a2}</UniqueIdentifier>
    </Filter>
    <Filter Include="compiler">
      <UniqueIdentifier>{39ea121c-75e4-4989-a2d2-1b1d66671686}</UniqueIdentifier>
    </Filter>
    <Filter Include="stormlib">
      <UniqueIdentifier>{4d989301-7126-4828-8c64-59beae2207e4}</UniqueIdentifier>
    </Filter>
    <Filter Include="stormlib\adpcm">
      <UniqueIdentifier>{8bdbb2e4-e992-4a42-876f-7f293da54dcf}</UniqueIdentifier>
    </Filter>
    <Filter Include="stormlib\huffman">
      <UniqueIdentifier>{93eebc2f-64a0-46dc-8e6c-becf1cb2d9e1}</UniqueIdentifier>
    </Filter>
    <Filter Include="stormlib\libtomcrypt">
      <UniqueIdentifier>{e12a9ce1-55f1-45bf-8af2-40b7ce48b5a3}</UniqueIdentifier>
    </Filter>
    <Filter Include="stormlib\lzma">
      <UniqueIdentifier>{4296e960-2f15-44bd-95ec-42e224cbd440}</UniqueIdentifier>
    </Filter>
    <Filter Include="stormlib\libtommath">
      <UniqueIdentifier>{812b7dc4-6cea-49b5-84e1-0175531784e0}</UniqueIdentifier>
    </Filter>
    <Filter Include="stormlib\bzip2">
      <UniqueIdentifier>{aa39b36e-c376-4928-8a88-629aaa6bdcb2}</UniqueIdentifier>
    </Filter>
    <Filter Include="stormlib\zlib">
      <UniqueIdentifier>{e5d987e2-8835-4b8d-a19a-211927ec2ad3}</UniqueIdentifier>
    </Filter>
    <Filter Include="stormlib\sparse">
      <UniqueIdentifier>{32a29105-a115-4bad-948e-716cf66243d4}</UniqueIdentifier>
    </Filter>
    <Filter Include="stormlib\jenkins">
      <UniqueIdentifier>{d39b02c5-55e2-4bc5-bec9-acc27722f3bf}</UniqueIdentifier>
    </Filter>
    <Filter Include="stormlib\pklib">
      <UniqueIdentifier>{d9f43bc0-5ec1-4558-82c5-f073db06a236}</UniqueIdentifier>
    </Filter>
    <Filter Include="debugger">
      <UniqueIdentifier>{4e7cc1d2-ef87-4861-a59e-ca811b3e06a1}</UniqueIdentifier>
    </Filter>
    <Filter Include="debugger\rapidjson">
      <UniqueIdentifier>{e1f6a4fd-c19a-44fa-ac68-884a2136b0da}</UniqueIdentifier>
    </Filter>
    <Filter Include="libchk">
      <UniqueIdentifier>{3c5ecc93-88b6-4e45-b5b6-0a6e98c0aa26}</UniqueIdentifier>
    </Filter>
  </ItemGroup>
  <ItemGroup>
    <ClCompile Include="..\src\main.cpp">
      <Filter>src</Filter>
    </ClCompile>
    <ClCompile Include="..\src\log.cpp">
      <Filter>src</Filter>
    </ClCompile>
    <ClCompile Include="..\src\parser\parser.cpp">
      <Filter>parser</Filter>
    </ClCompile>
    <ClCompile Include="..\src\compiler\compiler.cpp">
      <Filter>compiler</Filter>
    </ClCompile>
    <ClCompile Include="..\src\compiler\ir.cpp">
      <Filter>compiler</Filter>
    </ClCompile>
    <ClCompile Include="..\src\parser\preprocessor.cpp">
      <Filter>parser</Filter>
    </ClCompile>
    <ClCompile Include="..\src\compiler\ir_optimizer.cpp">
      <Filter>compiler</Filter>
    </ClCompile>
    <ClCompile Include="..\src\compiler\triggerbuilder.cpp">
      <Filter>compiler</Filter>
    </ClCompile>
    <ClCompile Include="..\src\parser\ast_optimizer.cpp">
      <Filter>parser</Filter>
    </ClCompile>
    <ClCompile Include="..\src\compiler\registermap_parser.cpp">
      <Filter>compiler</Filter>
    </ClCompile>
    <ClCompile Include="..\src\parser\template_instantiator.cpp">
      <Filter>parser</Filter>
    </ClCompile>
    <ClCompile Include="..\src\wavinfo.cpp">
      <Filter>src</Filter>
    </ClCompile>
    <ClCompile Include="..\src\stormlib\FileStream.cpp">
      <Filter>stormlib</Filter>
    </ClCompile>
    <ClCompile Include="..\src\stormlib\SBaseCommon.cpp">
      <Filter>stormlib</Filter>
    </ClCompile>
    <ClCompile Include="..\src\stormlib\SBaseDumpData.cpp">
      <Filter>stormlib</Filter>
    </ClCompile>
    <ClCompile Include="..\src\stormlib\SBaseFileTable.cpp">
      <Filter>stormlib</Filter>
    </ClCompile>
    <ClCompile Include="..\src\stormlib\SBaseSubTypes.cpp">
      <Filter>stormlib</Filter>
    </ClCompile>
    <ClCompile Include="..\src\stormlib\SCompression.cpp">
      <Filter>stormlib</Filter>
    </ClCompile>
    <ClCompile Include="..\src\stormlib\SFileAddFile.cpp">
      <Filter>stormlib</Filter>
    </ClCompile>
    <ClCompile Include="..\src\stormlib\SFileAttributes.cpp">
      <Filter>stormlib</Filter>
    </ClCompile>
    <ClCompile Include="..\src\stormlib\SFileCompactArchive.cpp">
      <Filter>stormlib</Filter>
    </ClCompile>
    <ClCompile Include="..\src\stormlib\SFileCreateArchive.cpp">
      <Filter>stormlib</Filter>
    </ClCompile>
    <ClCompile Include="..\src\stormlib\SFileExtractFile.cpp">
      <Filter>stormlib</Filter>
    </ClCompile>
    <ClCompile Include="..\src\stormlib\SFileFindFile.cpp">
      <Filter>stormlib</Filter>
    </ClCompile>
    <ClCompile Include="..\src\stormlib\SFileGetFileInfo.cpp">
      <Filter>stormlib</Filter>
    </ClCompile>
    <ClCompile Include="..\src\stormlib\SFileListFile.cpp">
      <Filter>stormlib</Filter>
    </ClCompile>
    <ClCompile Include="..\src\stormlib\SFileOpenArchive.cpp">
      <Filter>stormlib</Filter>
    </ClCompile>
    <ClCompile Include="..\src\stormlib\SFileOpenFileEx.cpp">
      <Filter>stormlib</Filter>
    </ClCompile>
    <ClCompile Include="..\src\stormlib\SFilePatchArchives.cpp">
      <Filter>stormlib</Filter>
    </ClCompile>
    <ClCompile Include="..\src\stormlib\SFileReadFile.cpp">
      <Filter>stormlib</Filter>
    </ClCompile>
    <ClCompile Include="..\src\stormlib\SFileVerify.cpp">
      <Filter>stormlib</Filter>
    </ClCompile>
    <ClCompile Include="..\src\stormlib\adpcm\adpcm.cpp">
      <Filter>stormlib\adpcm</Filter>
    </ClCompile>
    <ClCompile Include="..\src\stormlib\huffman\huff.cpp">
      <Filter>stormlib\huffman</Filter>
    </ClCompile>
    <ClCompile Include="..\src\stormlib\lzma\C\LzFind.c">
      <Filter>stormlib\lzma</Filter>
    </ClCompile>
    <ClCompile Include="..\src\stormlib\lzma\C\LzFindMt.c">
      <Filter>stormlib\lzma</Filter>
    </ClCompile>
    <ClCompile Include="..\src\stormlib\lzma\C\LzmaDec.c">
      <Filter>stormlib\lzma</Filter>
    </ClCompile>
    <ClCompile Include="..\src\stormlib\lzma\C\LzmaEnc.c">
      <Filter>stormlib\lzma</Filter>
    </ClCompile>
    <ClCompile Include="..\src\stormlib\lzma\C\Threads.c">
      <Filter>stormlib\lzma</Filter>
    </ClCompile>
    <ClCompile Include="..\src\stormlib\libtommath\bn_fast_mp_invmod.c">
      <Filter>stormlib\libtommath</Filter>
    </ClCompile>
    <ClCompile Include="..\src\stormlib\libtommath\bn_fast_mp_montgomery_reduce.c">
      <Filter>stormlib\libtommath</Filter>
    </ClCompile>
    <ClCompile Include="..\src\stormlib\libtommath\bn_fast_s_mp_mul_digs.c">
      <Filter>stormlib\libtommath</Filter>
    </ClCompile>
    <ClCompile Include="..\src\stormlib\libtommath\bn_fast_s_mp_mul_high_digs.c">
      <Filter>stormlib\libtommath</Filter>
    </ClCompile>
    <ClCompile Include="..\src\stormlib\libtommath\bn_fast_s_mp_sqr.c">
      <Filter>stormlib\libtommath</Filter>
    </ClCompile>
    <ClCompile Include="..\src\stormlib\libtommath\bn_mp_2expt.c">
      <Filter>stormlib\libtommath</Filter>
    </ClCompile>
    <ClCompile Include="..\src\stormlib\libtommath\bn_mp_abs.c">
      <Filter>stormlib\libtommath</Filter>
    </ClCompile>
    <ClCompile Include="..\src\stormlib\libtommath\bn_mp_add.c">
      <Filter>stormlib\libtommath</Filter>
    </ClCompile>
    <ClCompile Include="..\src\stormlib\libtommath\bn_mp_add_d.c">
      <Filter>stormlib\libtommath</Filter>
    </ClCompile>
    <ClCompile Include="..\src\stormlib\libtommath\bn_mp_addmod.c">
      <Filter>stormlib\libtommath</Filter>
    </ClCompile>
    <ClCompile Include="..\src\stormlib\libtommath\bn_mp_and.c">
      <Filter>stormlib\libtommath</Filter>
    </ClCompile>
    <ClCompile Include="..\src\stormlib\libtommath\bn_mp_clamp.c">
      <Filter>stormlib\libtommath</Filter>
    </ClCompile>
    <ClCompile Include="..\src\stormlib\libtommath\bn_mp_clear.c">
      <Filter>stormlib\libtommath</Filter>
    </ClCompile>
    <ClCompile Include="..\src\stormlib\libtommath\bn_mp_clear_multi.c">
      <Filter>stormlib\libtommath</Filter>
    </ClCompile>
    <ClCompile Include="..\src\stormlib\libtommath\bn_mp_cmp.c">
      <Filter>stormlib\libtommath</Filter>
    </ClCompile>
    <ClCompile Include="..\src\stormlib\libtommath\bn_mp_cmp_d.c">
      <Filter>stormlib\libtommath</Filter>
    </ClCompile>
    <ClCompile Include="..\src\stormlib\libtommath\bn_mp_cmp_mag.c">
      <Filter>stormlib\libtommath</Filter>
    </ClCompile>
    <ClCompile Include="..\src\stormlib\libtommath\bn_mp_cnt_lsb.c">
      <Filter>stormlib\libtommath</Filter>
    </ClCompile>
    <ClCompile Include="..\src\stormlib\libtommath\bn_mp_copy.c">
      <Filter>stormlib\libtommath</Filter>
    </ClCompile>
    <ClCompile Include="..\src\stormlib\libtommath\bn_mp_count_bits.c">
      <Filter>stormlib\libtommath</Filter>
    </ClCompile>
    <ClCompile Include="..\src\stormlib\libtommath\bn_mp_div.c">
      <Filter>stormlib\libtommath</Filter>
    </ClCompile>
    <ClCompile Include="..\src\stormlib\libtommath\bn_mp_div_2.c">
      <Filter>stormlib\libtommath</Filter>
    </ClCompile>
    <ClCompile Include="..\src\stormlib\libtommath\bn_mp_div_2d.c">
      <Filter>stormlib\libtommath</Filter>
    </ClCompile>
    <ClCompile Include="..\src\stormlib\libtommath\bn_mp_div_3.c">
      <Filter>stormlib\libtommath</Filter>
    </ClCompile>
    <ClCompile Include="..\src\stormlib\libtommath\bn_mp_div_d.c">
      <Filter>stormlib\libtommath</Filter>
    </ClCompile>
    <ClCompile Include="..\src\stormlib\libtommath\bn_mp_dr_is_modulus.c">
      <Filter>stormlib\libtommath</Filter>
    </ClCompile>
    <ClCompile Include="..\src\stormlib\libtommath\bn_mp_dr_reduce.c">
      <Filter>stormlib\libtommath</Filter>
    </ClCompile>
    <ClCompile Include="..\src\stormlib\libtommath\bn_mp_dr_setup.c">
      <Filter>stormlib\libtommath</Filter>
    </ClCompile>
    <ClCompile Include="..\src\stormlib\libtommath\bn_mp_exch.c">
      <Filter>stormlib\libtommath</Filter>
    </ClCompile>
    <ClCompile Include="..\src\stormlib\libtommath\bn_mp_expt_d.c">
      <Filter>stormlib\libtommath</Filter>
    </ClCompile>
    <ClCompile Include="..\src\stormlib\libtommath\bn_mp_exptmod.c">
      <Filter>stormlib\libtommath</Filter>
    </ClCompile>
    <ClCompile Include="..\src\stormlib\libtommath\bn_mp_exptmod_fast.c">
      <Filter>stormlib\libtommath</Filter>
    </ClCompile>
    <ClCompile Include="..\src\stormlib\libtommath\bn_mp_exteuclid.c">
      <Filter>stormlib\libtommath</Filter>
    </ClCompile>
    <ClCompile Include="..\src\stormlib\libtommath\bn_mp_fread.c">
      <Filter>stormlib\libtommath</Filter>
    </ClCompile>
    <ClCompile Include="..\src\stormlib\libtommath\bn_mp_fwrite.c">
      <Filter>stormlib\libtommath</Filter>
    </ClCompile>
    <ClCompile Include="..\src\stormlib\libtommath\bn_mp_gcd.c">
      <Filter>stormlib\libtommath</Filter>
    </ClCompile>
    <ClCompile Include="..\src\stormlib\libtommath\bn_mp_get_int.c">
      <Filter>stormlib\libtommath</Filter>
    </ClCompile>
    <ClCompile Include="..\src\stormlib\libtommath\bn_mp_grow.c">
      <Filter>stormlib\libtommath</Filter>
    </ClCompile>
    <ClCompile Include="..\src\stormlib\libtommath\bn_mp_init.c">
      <Filter>stormlib\libtommath</Filter>
    </ClCompile>
    <ClCompile Include="..\src\stormlib\libtommath\bn_mp_init_copy.c">
      <Filter>stormlib\libtommath</Filter>
    </ClCompile>
    <ClCompile Include="..\src\stormlib\libtommath\bn_mp_init_multi.c">
      <Filter>stormlib\libtommath</Filter>
    </ClCompile>
    <ClCompile Include="..\src\stormlib\libtommath\bn_mp_init_set.c">
      <Filter>stormlib\libtommath</Filter>
    </ClCompile>
    <ClCompile Include="..\src\stormlib\libtommath\bn_mp_init_set_int.c">
      <Filter>stormlib\libtommath</Filter>
    </ClCompile>
    <ClCompile Include="..\src\stormlib\libtommath\bn_mp_init_size.c">
      <Filter>stormlib\libtommath</Filter>
    </ClCompile>
    <ClCompile Include="..\src\stormlib\libtommath\bn_mp_invmod.c">
      <Filter>stormlib\libtommath</Filter>
    </ClCompile>
    <ClCompile Include="..\src\stormlib\libtommath\bn_mp_invmod_slow.c">
      <Filter>stormlib\libtommath</Filter>
    </ClCompile>
    <ClCompile Include="..\src\stormlib\libtommath\bn_mp_is_square.c">
      <Filter>stormlib\libtommath</Filter>
    </ClCompile>
    <ClCompile Include="..\src\stormlib\libtommath\bn_mp_jacobi.c">
      <Filter>stormlib\libtommath</Filter>
    </ClCompile>
    <ClCompile Include="..\src\stormlib\libtommath\bn_mp_karatsuba_mul.c">
      <Filter>stormlib\libtommath</Filter>
    </ClCompile>
    <ClCompile Include="..\src\stormlib\libtommath\bn_mp_karatsuba_sqr.c">
      <Filter>stormlib\libtommath</Filter>
    </ClCompile>
    <ClCompile Include="..\src\stormlib\libtommath\bn_mp_lcm.c">
      <Filter>stormlib\libtommath</Filter>
    </ClCompile>
    <ClCompile Include="..\src\stormlib\libtommath\bn_mp_lshd.c">
      <Filter>stormlib\libtommath</Filter>
    </ClCompile>
    <ClCompile Include="..\src\stormlib\libtommath\bn_mp_mod.c">
      <Filter>stormlib\libtommath</Filter>
    </ClCompile>
    <ClCompile Include="..\src\stormlib\libtommath\bn_mp_mod_2d.c">
      <Filter>stormlib\libtommath</Filter>
    </ClCompile>
    <ClCompile Include="..\src\stormlib\libtommath\bn_mp_mod_d.c">
      <Filter>stormlib\libtommath</Filter>
    </ClCompile>
    <ClCompile Include="..\src\stormlib\libtommath\bn_mp_montgomery_calc_normalization.c">
      <Filter>stormlib\libtommath</Filter>
    </ClCompile>
    <ClCompile Include="..\src\stormlib\libtommath\bn_mp_montgomery_reduce.c">
      <Filter>stormlib\libtommath</Filter>
    </ClCompile>
    <ClCompile Include="..\src\stormlib\libtommath\bn_mp_montgomery_setup.c">
      <Filter>stormlib\libtommath</Filter>
    </ClCompile>
    <ClCompile Include="..\src\stormlib\libtommath\bn_mp_mul.c">
      <Filter>stormlib\libtommath</Filter>
    </ClCompile>
    <ClCompile Include="..\src\stormlib\libtommath\bn_mp_mul_2.c">
      <Filter>stormlib\libtommath</Filter>
    </ClCompile>
    <ClCompile Include="..\src\stormlib\libtommath\bn_mp_mul_2d.c">
      <Filter>stormlib\libtommath</Filter>
    </ClCompile>
    <ClCompile Include="..\src\stormlib\libtommath\bn_mp_mul_d.c">
      <Filter>stormlib\libtommath</Filter>
    </ClCompile>
    <ClCompile Include="..\src\stormlib\libtommath\bn_mp_mulmod.c">
      <Filter>stormlib\libtommath</Filter>
    </ClCompile>
    <ClCompile Include="..\src\stormlib\libtommath\bn_mp_n_root.c">
      <Filter>stormlib\libtommath</Filter>
    </ClCompile>
    <ClCompile Include="..\src\stormlib\libtommath\bn_mp_neg.c">
      <Filter>stormlib\libtommath</Filter>
    </ClCompile>
    <ClCompile Include="..\src\stormlib\libtommath\bn_mp_or.c">
      <Filter>stormlib\libtommath</Filter>
    </ClCompile>
    <ClCompile Include="..\src\stormlib\libtommath\bn_mp_prime_fermat.c">
      <Filter>stormlib\libtommath</Filter>
    </ClCompile>
    <ClCompile Include="..\src\stormlib\libtommath\bn_mp_prime_is_divisible.c">
      <Filter>stormlib\libtommath</Filter>
    </ClCompile>
    <ClCompile Include="..\src\stormlib\libtommath\bn_mp_prime_is_prime.c">
      <Filter>stormlib\libtommath</Filter>
    </ClCompile>
    <ClCompile Include="..\src\stormlib\libtommath\bn_mp_prime_miller_rabin.c">
      <Filter>stormlib\libtommath</Filter>
    </ClCompile>
    <ClCompile Include="..\src\stormlib\libtommath\bn_mp_prime_next_prime.c">
      <Filter>stormlib\libtommath</Filter>
    </ClCompile>
    <ClCompile Include="..\src\stormlib\libtommath\bn_mp_prime_rabin_miller_trials.c">
      <Filter>stormlib\libtommath</Filter>
    </ClCompile>
    <ClCompile Include="..\src\stormlib\libtommath\bn_mp_prime_random_ex.c">
      <Filter>stormlib\libtommath</Filter>
    </ClCompile>
    <ClCompile Include="..\src\stormlib\libtommath\bn_mp_radix_size.c">
      <Filter>stormlib\libtommath</Filter>
    </ClCompile>
    <ClCompile Include="..\src\stormlib\libtommath\bn_mp_radix_smap.c">
      <Filter>stormlib\libtommath</Filter>
    </ClCompile>
    <ClCompile Include="..\src\stormlib\libtommath\bn_mp_rand.c">
      <Filter>stormlib\libtommath</Filter>
    </ClCompile>
    <ClCompile Include="..\src\stormlib\libtommath\bn_mp_read_radix.c">
      <Filter>stormlib\libtommath</Filter>
    </ClCompile>
    <ClCompile Include="..\src\stormlib\libtommath\bn_mp_read_signed_bin.c">
      <Filter>stormlib\libtommath</Filter>
    </ClCompile>
    <ClCompile Include="..\src\stormlib\libtommath\bn_mp_read_unsigned_bin.c">
      <Filter>stormlib\libtommath</Filter>
    </ClCompile>
    <ClCompile Include="..\src\stormlib\libtommath\bn_mp_reduce.c">
      <Filter>stormlib\libtommath</Filter>
    </ClCompile>
    <ClCompile Include="..\src\stormlib\libtommath\bn_mp_reduce_2k.c">
      <Filter>stormlib\libtommath</Filter>
    </ClCompile>
    <ClCompile Include="..\src\stormlib\libtommath\bn_mp_reduce_2k_l.c">
      <Filter>stormlib\libtommath</Filter>
    </ClCompile>
    <ClCompile Include="..\src\stormlib\libtommath\bn_mp_reduce_2k_setup.c">
      <Filter>stormlib\libtommath</Filter>
    </ClCompile>
    <ClCompile Include="..\src\stormlib\libtommath\bn_mp_reduce_2k_setup_l.c">
      <Filter>stormlib\libtommath</Filter>
    </ClCompile>
    <ClCompile Include="..\src\stormlib\libtommath\bn_mp_reduce_is_2k.c">
      <Filter>stormlib\libtommath</Filter>
    </ClCompile>
    <ClCompile Include="..\src\stormlib\libtommath\bn_mp_reduce_is_2k_l.c">
      <Filter>stormlib\libtommath</Filter>
    </ClCompile>
    <ClCompile Include="..\src\stormlib\libtommath\bn_mp_reduce_setup.c">
      <Filter>stormlib\libtommath</Filter>
    </ClCompile>
    <ClCompile Include="..\src\stormlib\libtommath\bn_mp_rshd.c">
      <Filter>stormlib\libtommath</Filter>
    </ClCompile>
    <ClCompile Include="..\src\stormlib\libtommath\bn_mp_set.c">
      <Filter>stormlib\libtommath</Filter>
    </ClCompile>
    <ClCompile Include="..\src\stormlib\libtommath\bn_mp_set_int.c">
      <Filter>stormlib\libtommath</Filter>
    </ClCompile>
    <ClCompile Include="..\src\stormlib\libtommath\bn_mp_shrink.c">
      <Filter>stormlib\libtommath</Filter>
    </ClCompile>
    <ClCompile Include="..\src\stormlib\libtommath\bn_mp_signed_bin_size.c">
      <Filter>stormlib\libtommath</Filter>
    </ClCompile>
    <ClCompile Include="..\src\stormlib\libtommath\bn_mp_sqr.c">
      <Filter>stormlib\libtommath</Filter>
    </ClCompile>
    <ClCompile Include="..\src\stormlib\libtommath\bn_mp_sqrmod.c">
      <Filter>stormlib\libtommath</Filter>
    </ClCompile>
    <ClCompile Include="..\src\stormlib\libtommath\bn_mp_sqrt.c">
      <Filter>stormlib\libtommath</Filter>
    </ClCompile>
    <ClCompile Include="..\src\stormlib\libtommath\bn_mp_sub.c">
      <Filter>stormlib\libtommath</Filter>
    </ClCompile>
    <ClCompile Include="..\src\stormlib\libtommath\bn_mp_sub_d.c">
      <Filter>stormlib\libtommath</Filter>
    </ClCompile>
    <ClCompile Include="..\src\stormlib\libtommath\bn_mp_submod.c">
      <Filter>stormlib\libtommath</Filter>
    </ClCompile>
    <ClCompile Include="..\src\stormlib\libtommath\bn_mp_to_signed_bin.c">
      <Filter>stormlib\libtommath</Filter>
    </ClCompile>
    <ClCompile Include="..\src\stormlib\libtommath\bn_mp_to_signed_bin_n.c">
      <Filter>stormlib\libtommath</Filter>
    </ClCompile>
    <ClCompile Include="..\src\stormlib\libtommath\bn_mp_to_unsigned_bin.c">
      <Filter>stormlib\libtommath</Filter>
    </ClCompile>
    <ClCompile Include="..\src\stormlib\libtommath\bn_mp_to_unsigned_bin_n.c">
      <Filter>stormlib\libtommath</Filter>
    </ClCompile>
    <ClCompile Include="..\src\stormlib\libtommath\bn_mp_toom_mul.c">
      <Filter>stormlib\libtommath</Filter>
    </ClCompile>
    <ClCompile Include="..\src\stormlib\libtommath\bn_mp_toom_sqr.c">
      <Filter>stormlib\libtommath</Filter>
    </ClCompile>
    <ClCompile Include="..\src\stormlib\libtommath\bn_mp_toradix.c">
      <Filter>stormlib\libtommath</Filter>
    </ClCompile>
    <ClCompile Include="..\src\stormlib\libtommath\bn_mp_toradix_n.c">
      <Filter>stormlib\libtommath</Filter>
    </ClCompile>
    <ClCompile Include="..\src\stormlib\libtommath\bn_mp_unsigned_bin_size.c">
      <Filter>stormlib\libtommath</Filter>
    </ClCompile>
    <ClCompile Include="..\src\stormlib\libtommath\bn_mp_xor.c">
      <Filter>stormlib\libtommath</Filter>
    </ClCompile>
    <ClCompile Include="..\src\stormlib\libtommath\bn_mp_zero.c">
      <Filter>stormlib\libtommath</Filter>
    </ClCompile>
    <ClCompile Include="..\src\stormlib\libtommath\bn_prime_tab.c">
      <Filter>stormlib\libtommath</Filter>
    </ClCompile>
    <ClCompile Include="..\src\stormlib\libtommath\bn_reverse.c">
      <Filter>stormlib\libtommath</Filter>
    </ClCompile>
    <ClCompile Include="..\src\stormlib\libtommath\bn_s_mp_add.c">
      <Filter>stormlib\libtommath</Filter>
    </ClCompile>
    <ClCompile Include="..\src\stormlib\libtommath\bn_s_mp_exptmod.c">
      <Filter>stormlib\libtommath</Filter>
    </ClCompile>
    <ClCompile Include="..\src\stormlib\libtommath\bn_s_mp_mul_digs.c">
      <Filter>stormlib\libtommath</Filter>
    </ClCompile>
    <ClCompile Include="..\src\stormlib\libtommath\bn_s_mp_mul_high_digs.c">
      <Filter>stormlib\libtommath</Filter>
    </ClCompile>
    <ClCompile Include="..\src\stormlib\libtommath\bn_s_mp_sqr.c">
      <Filter>stormlib\libtommath</Filter>
    </ClCompile>
    <ClCompile Include="..\src\stormlib\libtommath\bn_s_mp_sub.c">
      <Filter>stormlib\libtommath</Filter>
    </ClCompile>
    <ClCompile Include="..\src\stormlib\libtommath\bncore.c">
      <Filter>stormlib\libtommath</Filter>
    </ClCompile>
    <ClCompile Include="..\src\stormlib\bzip2\blocksort.c">
      <Filter>stormlib\bzip2</Filter>
    </ClCompile>
    <ClCompile Include="..\src\stormlib\bzip2\bzlib.c">
      <Filter>stormlib\bzip2</Filter>
    </ClCompile>
    <ClCompile Include="..\src\stormlib\bzip2\compress.c">
      <Filter>stormlib\bzip2</Filter>
    </ClCompile>
    <ClCompile Include="..\src\stormlib\bzip2\crctable.c">
      <Filter>stormlib\bzip2</Filter>
    </ClCompile>
    <ClCompile Include="..\src\stormlib\bzip2\decompress.c">
      <Filter>stormlib\bzip2</Filter>
    </ClCompile>
    <ClCompile Include="..\src\stormlib\bzip2\huffman.c">
      <Filter>stormlib\bzip2</Filter>
    </ClCompile>
    <ClCompile Include="..\src\stormlib\bzip2\randtable.c">
      <Filter>stormlib\bzip2</Filter>
    </ClCompile>
    <ClCompile Include="..\src\stormlib\libtomcrypt\src\hashes\hash_memory.c">
      <Filter>stormlib\libtomcrypt</Filter>
    </ClCompile>
    <ClCompile Include="..\src\stormlib\libtomcrypt\src\hashes\md5.c">
      <Filter>stormlib\libtomcrypt</Filter>
    </ClCompile>
    <ClCompile Include="..\src\stormlib\libtomcrypt\src\hashes\sha1.c">
      <Filter>stormlib\libtomcrypt</Filter>
    </ClCompile>
    <ClCompile Include="..\src\stormlib\libtomcrypt\src\math\ltm_desc.c">
      <Filter>stormlib\libtomcrypt</Filter>
    </ClCompile>
    <ClCompile Include="..\src\stormlib\libtomcrypt\src\math\multi.c">
      <Filter>stormlib\libtomcrypt</Filter>
    </ClCompile>
    <ClCompile Include="..\src\stormlib\libtomcrypt\src\math\rand_prime.c">
      <Filter>stormlib\libtomcrypt</Filter>
    </ClCompile>
    <ClCompile Include="..\src\stormlib\libtomcrypt\src\misc\base64_decode.c">
      <Filter>stormlib\libtomcrypt</Filter>
    </ClCompile>
    <ClCompile Include="..\src\stormlib\libtomcrypt\src\misc\crypt_argchk.c">
      <Filter>stormlib\libtomcrypt</Filter>
    </ClCompile>
    <ClCompile Include="..\src\stormlib\libtomcrypt\src\misc\crypt_find_hash.c">
      <Filter>stormlib\libtomcrypt</Filter>
    </ClCompile>
    <ClCompile Include="..\src\stormlib\libtomcrypt\src\misc\crypt_find_prng.c">
      <Filter>stormlib\libtomcrypt</Filter>
    </ClCompile>
    <ClCompile Include="..\src\stormlib\libtomcrypt\src\misc\crypt_hash_descriptor.c">
      <Filter>stormlib\libtomcrypt</Filter>
    </ClCompile>
    <ClCompile Include="..\src\stormlib\libtomcrypt\src\misc\crypt_hash_is_valid.c">
      <Filter>stormlib\libtomcrypt</Filter>
    </ClCompile>
    <ClCompile Include="..\src\stormlib\libtomcrypt\src\misc\crypt_libc.c">
      <Filter>stormlib\libtomcrypt</Filter>
    </ClCompile>
    <ClCompile Include="..\src\stormlib\libtomcrypt\src\misc\crypt_ltc_mp_descriptor.c">
      <Filter>stormlib\libtomcrypt</Filter>
    </ClCompile>
    <ClCompile Include="..\src\stormlib\libtomcrypt\src\misc\crypt_prng_descriptor.c">
      <Filter>stormlib\libtomcrypt</Filter>
    </ClCompile>
    <ClCompile Include="..\src\stormlib\libtomcrypt\src\misc\crypt_prng_is_valid.c">
      <Filter>stormlib\libtomcrypt</Filter>
    </ClCompile>
    <ClCompile Include="..\src\stormlib\libtomcrypt\src\misc\crypt_register_hash.c">
      <Filter>stormlib\libtomcrypt</Filter>
    </ClCompile>
    <ClCompile Include="..\src\stormlib\libtomcrypt\src\misc\crypt_register_prng.c">
      <Filter>stormlib\libtomcrypt</Filter>
    </ClCompile>
    <ClCompile Include="..\src\stormlib\libtomcrypt\src\misc\zeromem.c">
      <Filter>stormlib\libtomcrypt</Filter>
    </ClCompile>
    <ClCompile Include="..\src\stormlib\libtomcrypt\src\pk\rsa\rsa_exptmod.c">
      <Filter>stormlib\libtomcrypt</Filter>
    </ClCompile>
    <ClCompile Include="..\src\stormlib\libtomcrypt\src\pk\rsa\rsa_free.c">
      <Filter>stormlib\libtomcrypt</Filter>
    </ClCompile>
    <ClCompile Include="..\src\stormlib\libtomcrypt\src\pk\rsa\rsa_import.c">
      <Filter>stormlib\libtomcrypt</Filter>
    </ClCompile>
    <ClCompile Include="..\src\stormlib\libtomcrypt\src\pk\rsa\rsa_make_key.c">
      <Filter>stormlib\libtomcrypt</Filter>
    </ClCompile>
    <ClCompile Include="..\src\stormlib\libtomcrypt\src\pk\rsa\rsa_sign_hash.c">
      <Filter>stormlib\libtomcrypt</Filter>
    </ClCompile>
    <ClCompile Include="..\src\stormlib\libtomcrypt\src\pk\rsa\rsa_verify_hash.c">
      <Filter>stormlib\libtomcrypt</Filter>
    </ClCompile>
    <ClCompile Include="..\src\stormlib\libtomcrypt\src\pk\rsa\rsa_verify_simple.c">
      <Filter>stormlib\libtomcrypt</Filter>
    </ClCompile>
    <ClCompile Include="..\src\stormlib\libtomcrypt\src\pk\pkcs1\pkcs_1_mgf1.c">
      <Filter>stormlib\libtomcrypt</Filter>
    </ClCompile>
    <ClCompile Include="..\src\stormlib\libtomcrypt\src\pk\pkcs1\pkcs_1_oaep_decode.c">
      <Filter>stormlib\libtomcrypt</Filter>
    </ClCompile>
    <ClCompile Include="..\src\stormlib\libtomcrypt\src\pk\pkcs1\pkcs_1_pss_decode.c">
      <Filter>stormlib\libtomcrypt</Filter>
    </ClCompile>
    <ClCompile Include="..\src\stormlib\libtomcrypt\src\pk\pkcs1\pkcs_1_pss_encode.c">
      <Filter>stormlib\libtomcrypt</Filter>
    </ClCompile>
    <ClCompile Include="..\src\stormlib\libtomcrypt\src\pk\pkcs1\pkcs_1_v1_5_decode.c">
      <Filter>stormlib\libtomcrypt</Filter>
    </ClCompile>
    <ClCompile Include="..\src\stormlib\libtomcrypt\src\pk\pkcs1\pkcs_1_v1_5_encode.c">
      <Filter>stormlib\libtomcrypt</Filter>
    </ClCompile>
    <ClCompile Include="..\src\stormlib\zlib\adler32.c">
      <Filter>stormlib\zlib</Filter>
    </ClCompile>
    <ClCompile Include="..\src\stormlib\zlib\compress_zlib.c">
      <Filter>stormlib\zlib</Filter>
    </ClCompile>
    <ClCompile Include="..\src\stormlib\zlib\crc32.c">
      <Filter>stormlib\zlib</Filter>
    </ClCompile>
    <ClCompile Include="..\src\stormlib\zlib\deflate.c">
      <Filter>stormlib\zlib</Filter>
    </ClCompile>
    <ClCompile Include="..\src\stormlib\zlib\inffast.c">
      <Filter>stormlib\zlib</Filter>
    </ClCompile>
    <ClCompile Include="..\src\stormlib\zlib\inflate.c">
      <Filter>stormlib\zlib</Filter>
    </ClCompile>
    <ClCompile Include="..\src\stormlib\zlib\inftrees.c">
      <Filter>stormlib\zlib</Filter>
    </ClCompile>
    <ClCompile Include="..\src\stormlib\zlib\trees.c">
      <Filter>stormlib\zlib</Filter>
    </ClCompile>
    <ClCompile Include="..\src\stormlib\zlib\zutil.c">
      <Filter>stormlib\zlib</Filter>
    </ClCompile>
    <ClCompile Include="..\src\stormlib\sparse\sparse.cpp">
      <Filter>stormlib\sparse</Filter>
    </ClCompile>
    <ClCompile Include="..\src\stormlib\jenkins\lookup3.c">
      <Filter>stormlib\jenkins</Filter>
    </ClCompile>
    <ClCompile Include="..\src\stormlib\libtomcrypt\src\pk\ecc\ltc_ecc_map.c">
      <Filter>stormlib\libtomcrypt</Filter>
    </ClCompile>
    <ClCompile Include="..\src\stormlib\libtomcrypt\src\pk\ecc\ltc_ecc_mul2add.c">
      <Filter>stormlib\libtomcrypt</Filter>
    </ClCompile>
    <ClCompile Include="..\src\stormlib\libtomcrypt\src\pk\ecc\ltc_ecc_mulmod.c">
      <Filter>stormlib\libtomcrypt</Filter>
    </ClCompile>
    <ClCompile Include="..\src\stormlib\libtomcrypt\src\pk\ecc\ltc_ecc_points.c">
      <Filter>stormlib\libtomcrypt</Filter>
    </ClCompile>
    <ClCompile Include="..\src\stormlib\libtomcrypt\src\pk\ecc\ltc_ecc_projective_add_point.c">
      <Filter>stormlib\libtomcrypt</Filter>
    </ClCompile>
    <ClCompile Include="..\src\stormlib\libtomcrypt\src\pk\ecc\ltc_ecc_projective_dbl_point.c">
      <Filter>stormlib\libtomcrypt</Filter>
    </ClCompile>
    <ClCompile Include="..\src\stormlib\libtomcrypt\src\pk\asn1\der_decode_bit_string.c">
      <Filter>stormlib\libtomcrypt</Filter>
    </ClCompile>
    <ClCompile Include="..\src\stormlib\libtomcrypt\src\pk\asn1\der_decode_boolean.c">
      <Filter>stormlib\libtomcrypt</Filter>
    </ClCompile>
    <ClCompile Include="..\src\stormlib\libtomcrypt\src\pk\asn1\der_decode_choice.c">
      <Filter>stormlib\libtomcrypt</Filter>
    </ClCompile>
    <ClCompile Include="..\src\stormlib\libtomcrypt\src\pk\asn1\der_decode_ia5_string.c">
      <Filter>stormlib\libtomcrypt</Filter>
    </ClCompile>
    <ClCompile Include="..\src\stormlib\libtomcrypt\src\pk\asn1\der_decode_integer.c">
      <Filter>stormlib\libtomcrypt</Filter>
    </ClCompile>
    <ClCompile Include="..\src\stormlib\libtomcrypt\src\pk\asn1\der_decode_object_identifier.c">
      <Filter>stormlib\libtomcrypt</Filter>
    </ClCompile>
    <ClCompile Include="..\src\stormlib\libtomcrypt\src\pk\asn1\der_decode_octet_string.c">
      <Filter>stormlib\libtomcrypt</Filter>
    </ClCompile>
    <ClCompile Include="..\src\stormlib\libtomcrypt\src\pk\asn1\der_decode_printable_string.c">
      <Filter>stormlib\libtomcrypt</Filter>
    </ClCompile>
    <ClCompile Include="..\src\stormlib\libtomcrypt\src\pk\asn1\der_decode_sequence_ex.c">
      <Filter>stormlib\libtomcrypt</Filter>
    </ClCompile>
    <ClCompile Include="..\src\stormlib\libtomcrypt\src\pk\asn1\der_decode_sequence_flexi.c">
      <Filter>stormlib\libtomcrypt</Filter>
    </ClCompile>
    <ClCompile Include="..\src\stormlib\libtomcrypt\src\pk\asn1\der_decode_sequence_multi.c">
      <Filter>stormlib\libtomcrypt</Filter>
    </ClCompile>
    <ClCompile Include="..\src\stormlib\libtomcrypt\src\pk\asn1\der_decode_short_integer.c">
      <Filter>stormlib\libtomcrypt</Filter>
    </ClCompile>
    <ClCompile Include="..\src\stormlib\libtomcrypt\src\pk\asn1\der_decode_utctime.c">
      <Filter>stormlib\libtomcrypt</Filter>
    </ClCompile>
    <ClCompile Include="..\src\stormlib\libtomcrypt\src\pk\asn1\der_decode_utf8_string.c">
      <Filter>stormlib\libtomcrypt</Filter>
    </ClCompile>
    <ClCompile Include="..\src\stormlib\libtomcrypt\src\pk\asn1\der_encode_bit_string.c">
      <Filter>stormlib\libtomcrypt</Filter>
    </ClCompile>
    <ClCompile Include="..\src\stormlib\libtomcrypt\src\pk\asn1\der_encode_boolean.c">
      <Filter>stormlib\libtomcrypt</Filter>
    </ClCompile>
    <ClCompile Include="..\src\stormlib\libtomcrypt\src\pk\asn1\der_encode_ia5_string.c">
      <Filter>stormlib\libtomcrypt</Filter>
    </ClCompile>
    <ClCompile Include="..\src\stormlib\libtomcrypt\src\pk\asn1\der_encode_integer.c">
      <Filter>stormlib\libtomcrypt</Filter>
    </ClCompile>
    <ClCompile Include="..\src\stormlib\libtomcrypt\src\pk\asn1\der_encode_object_identifier.c">
      <Filter>stormlib\libtomcrypt</Filter>
    </ClCompile>
    <ClCompile Include="..\src\stormlib\libtomcrypt\src\pk\asn1\der_encode_octet_string.c">
      <Filter>stormlib\libtomcrypt</Filter>
    </ClCompile>
    <ClCompile Include="..\src\stormlib\libtomcrypt\src\pk\asn1\der_encode_printable_string.c">
      <Filter>stormlib\libtomcrypt</Filter>
    </ClCompile>
    <ClCompile Include="..\src\stormlib\libtomcrypt\src\pk\asn1\der_encode_sequence_ex.c">
      <Filter>stormlib\libtomcrypt</Filter>
    </ClCompile>
    <ClCompile Include="..\src\stormlib\libtomcrypt\src\pk\asn1\der_encode_sequence_multi.c">
      <Filter>stormlib\libtomcrypt</Filter>
    </ClCompile>
    <ClCompile Include="..\src\stormlib\libtomcrypt\src\pk\asn1\der_encode_set.c">
      <Filter>stormlib\libtomcrypt</Filter>
    </ClCompile>
    <ClCompile Include="..\src\stormlib\libtomcrypt\src\pk\asn1\der_encode_setof.c">
      <Filter>stormlib\libtomcrypt</Filter>
    </ClCompile>
    <ClCompile Include="..\src\stormlib\libtomcrypt\src\pk\asn1\der_encode_short_integer.c">
      <Filter>stormlib\libtomcrypt</Filter>
    </ClCompile>
    <ClCompile Include="..\src\stormlib\libtomcrypt\src\pk\asn1\der_encode_utctime.c">
      <Filter>stormlib\libtomcrypt</Filter>
    </ClCompile>
    <ClCompile Include="..\src\stormlib\libtomcrypt\src\pk\asn1\der_encode_utf8_string.c">
      <Filter>stormlib\libtomcrypt</Filter>
    </ClCompile>
    <ClCompile Include="..\src\stormlib\libtomcrypt\src\pk\asn1\der_length_bit_string.c">
      <Filter>stormlib\libtomcrypt</Filter>
    </ClCompile>
    <ClCompile Include="..\src\stormlib\libtomcrypt\src\pk\asn1\der_length_boolean.c">
      <Filter>stormlib\libtomcrypt</Filter>
    </ClCompile>
    <ClCompile Include="..\src\stormlib\libtomcrypt\src\pk\asn1\der_length_ia5_string.c">
      <Filter>stormlib\libtomcrypt</Filter>
    </ClCompile>
    <ClCompile Include="..\src\stormlib\libtomcrypt\src\pk\asn1\der_length_integer.c">
      <Filter>stormlib\libtomcrypt</Filter>
    </ClCompile>
    <ClCompile Include="..\src\stormlib\libtomcrypt\src\pk\asn1\der_length_object_identifier.c">
      <Filter>stormlib\libtomcrypt</Filter>
    </ClCompile>
    <ClCompile Include="..\src\stormlib\libtomcrypt\src\pk\asn1\der_length_octet_string.c">
      <Filter>stormlib\libtomcrypt</Filter>
    </ClCompile>
    <ClCompile Include="..\src\stormlib\libtomcrypt\src\pk\asn1\der_length_printable_string.c">
      <Filter>stormlib\libtomcrypt</Filter>
    </ClCompile>
    <ClCompile Include="..\src\stormlib\libtomcrypt\src\pk\asn1\der_length_sequence.c">
      <Filter>stormlib\libtomcrypt</Filter>
    </ClCompile>
    <ClCompile Include="..\src\stormlib\libtomcrypt\src\pk\asn1\der_length_short_integer.c">
      <Filter>stormlib\libtomcrypt</Filter>
    </ClCompile>
    <ClCompile Include="..\src\stormlib\libtomcrypt\src\pk\asn1\der_length_utctime.c">
      <Filter>stormlib\libtomcrypt</Filter>
    </ClCompile>
    <ClCompile Include="..\src\stormlib\libtomcrypt\src\pk\asn1\der_length_utf8_string.c">
      <Filter>stormlib\libtomcrypt</Filter>
    </ClCompile>
    <ClCompile Include="..\src\stormlib\libtomcrypt\src\pk\asn1\der_sequence_free.c">
      <Filter>stormlib\libtomcrypt</Filter>
    </ClCompile>
    <ClCompile Include="..\src\stormlib\pklib\explode.c">
      <Filter>stormlib\pklib</Filter>
    </ClCompile>
    <ClCompile Include="..\src\stormlib\pklib\implode.c">
      <Filter>stormlib\pklib</Filter>
    </ClCompile>
    <ClCompile Include="..\src\stormlib\pklib\crc32_pklib.c">
      <Filter>stormlib\pklib</Filter>
    </ClCompile>
    <ClCompile Include="..\src\debugger\process_util_win32.cpp">
      <Filter>debugger</Filter>
    </ClCompile>
    <ClCompile Include="..\src\mpq_wrapper.cpp">
      <Filter>src</Filter>
    </ClCompile>
    <ClCompile Include="..\src\debugger\debugger.cpp">
      <Filter>debugger</Filter>
    </ClCompile>
    <ClCompile Include="..\src\debugger\debugger_thread.cpp">
      <Filter>debugger</Filter>
    </ClCompile>
    <ClCompile Include="..\src\debugger\debugger_cli.cpp">
      <Filter>debugger</Filter>
    </ClCompile>
    <ClCompile Include="..\src\debugger\debugger_vscode.cpp">
      <Filter>debugger</Filter>
    </ClCompile>
    <ClCompile Include="..\src\debugger\log_interface_vscode.cpp">
      <Filter>debugger</Filter>
    </ClCompile>
    <ClCompile Include="..\src\libchk\src\chk.cpp">
      <Filter>libchk</Filter>
    </ClCompile>
    <ClCompile Include="..\src\libchk\src\cuwpchunk.cpp">
      <Filter>libchk</Filter>
    </ClCompile>
    <ClCompile Include="..\src\libchk\src\dimchunk.cpp">
      <Filter>libchk</Filter>
    </ClCompile>
    <ClCompile Include="..\src\libchk\src\iownchunk.cpp">
      <Filter>libchk</Filter>
    </ClCompile>
    <ClCompile Include="..\src\libchk\src\locationschunk.cpp">
      <Filter>libchk</Filter>
    </ClCompile>
    <ClCompile Include="..\src\libchk\src\ownrchunk.cpp">
      <Filter>libchk</Filter>
    </ClCompile>
    <ClCompile Include="..\src\libchk\src\stringschunk.cpp">
      <Filter>libchk</Filter>
    </ClCompile>
  </ItemGroup>
  <ItemGroup>
    <ClInclude Include="..\src\cxxopts.h">
      <Filter>src</Filter>
    </ClInclude>
    <ClInclude Include="..\src\log.h">
      <Filter>src</Filter>
    </ClInclude>
    <ClInclude Include="..\src\parser\parser.h">
      <Filter>parser</Filter>
    </ClInclude>
    <ClInclude Include="..\src\compiler\compiler.h">
      <Filter>compiler</Filter>
    </ClInclude>
    <ClInclude Include="..\src\compiler\ir.h">
      <Filter>compiler</Filter>
    </ClInclude>
    <ClInclude Include="..\src\parser\preprocessor.h">
      <Filter>parser</Filter>
    </ClInclude>
    <ClInclude Include="..\src\ast\ast.h">
      <Filter>ast</Filter>
    </ClInclude>
    <ClInclude Include="..\src\stringutil.h">
      <Filter>src</Filter>
    </ClInclude>
    <ClInclude Include="..\src\compiler\ir_optimizer.h">
      <Filter>compiler</Filter>
    </ClInclude>
    <ClInclude Include="..\src\compiler\triggerbuilder.h">
      <Filter>compiler</Filter>
    </ClInclude>
    <ClInclude Include="..\src\parser\ast_optimizer.h">
      <Filter>parser</Filter>
    </ClInclude>
    <ClInclude Include="..\src\compiler\registermap_parser.h">
      <Filter>compiler</Filter>
    </ClInclude>
    <ClInclude Include="..\src\parser\template_instantiator.h">
      <Filter>parser</Filter>
    </ClInclude>
    <ClInclude Include="..\src\wavinfo.h">
      <Filter>src</Filter>
    </ClInclude>
    <ClInclude Include="..\src\stormlib\FileStream.h">
      <Filter>stormlib</Filter>
    </ClInclude>
    <ClInclude Include="..\src\stormlib\StormCommon.h">
      <Filter>stormlib</Filter>
    </ClInclude>
    <ClInclude Include="..\src\stormlib\StormLib.h">
      <Filter>stormlib</Filter>
    </ClInclude>
    <ClInclude Include="..\src\stormlib\StormPort.h">
      <Filter>stormlib</Filter>
    </ClInclude>
    <ClInclude Include="..\src\stormlib\adpcm\adpcm.h">
      <Filter>stormlib\adpcm</Filter>
    </ClInclude>
    <ClInclude Include="..\src\stormlib\huffman\huff.h">
      <Filter>stormlib\huffman</Filter>
    </ClInclude>
    <ClInclude Include="..\src\stormlib\lzma\C\LzFind.h">
      <Filter>stormlib\lzma</Filter>
    </ClInclude>
    <ClInclude Include="..\src\stormlib\lzma\C\LzFindMt.h">
      <Filter>stormlib\lzma</Filter>
    </ClInclude>
    <ClInclude Include="..\src\stormlib\lzma\C\LzHash.h">
      <Filter>stormlib\lzma</Filter>
    </ClInclude>
    <ClInclude Include="..\src\stormlib\lzma\C\LzmaDec.h">
      <Filter>stormlib\lzma</Filter>
    </ClInclude>
    <ClInclude Include="..\src\stormlib\lzma\C\LzmaEnc.h">
      <Filter>stormlib\lzma</Filter>
    </ClInclude>
    <ClInclude Include="..\src\stormlib\lzma\C\Threads.h">
      <Filter>stormlib\lzma</Filter>
    </ClInclude>
    <ClInclude Include="..\src\stormlib\lzma\C\Types.h">
      <Filter>stormlib\lzma</Filter>
    </ClInclude>
    <ClInclude Include="..\src\stormlib\libtommath\tommath.h">
      <Filter>stormlib\libtommath</Filter>
    </ClInclude>
    <ClInclude Include="..\src\stormlib\libtommath\tommath_class.h">
      <Filter>stormlib\libtommath</Filter>
    </ClInclude>
    <ClInclude Include="..\src\stormlib\libtommath\tommath_superclass.h">
      <Filter>stormlib\libtommath</Filter>
    </ClInclude>
    <ClInclude Include="..\src\stormlib\bzip2\bzlib.h">
      <Filter>stormlib\bzip2</Filter>
    </ClInclude>
    <ClInclude Include="..\src\stormlib\bzip2\bzlib_private.h">
      <Filter>stormlib\bzip2</Filter>
    </ClInclude>
    <ClInclude Include="..\src\stormlib\libtomcrypt\src\headers\tomcrypt.h">
      <Filter>stormlib\libtomcrypt</Filter>
    </ClInclude>
    <ClInclude Include="..\src\stormlib\libtomcrypt\src\headers\tomcrypt_argchk.h">
      <Filter>stormlib\libtomcrypt</Filter>
    </ClInclude>
    <ClInclude Include="..\src\stormlib\libtomcrypt\src\headers\tomcrypt_cfg.h">
      <Filter>stormlib\libtomcrypt</Filter>
    </ClInclude>
    <ClInclude Include="..\src\stormlib\libtomcrypt\src\headers\tomcrypt_cipher.h">
      <Filter>stormlib\libtomcrypt</Filter>
    </ClInclude>
    <ClInclude Include="..\src\stormlib\libtomcrypt\src\headers\tomcrypt_custom.h">
      <Filter>stormlib\libtomcrypt</Filter>
    </ClInclude>
    <ClInclude Include="..\src\stormlib\libtomcrypt\src\headers\tomcrypt_hash.h">
      <Filter>stormlib\libtomcrypt</Filter>
    </ClInclude>
    <ClInclude Include="..\src\stormlib\libtomcrypt\src\headers\tomcrypt_mac.h">
      <Filter>stormlib\libtomcrypt</Filter>
    </ClInclude>
    <ClInclude Include="..\src\stormlib\libtomcrypt\src\headers\tomcrypt_macros.h">
      <Filter>stormlib\libtomcrypt</Filter>
    </ClInclude>
    <ClInclude Include="..\src\stormlib\libtomcrypt\src\headers\tomcrypt_math.h">
      <Filter>stormlib\libtomcrypt</Filter>
    </ClInclude>
    <ClInclude Include="..\src\stormlib\libtomcrypt\src\headers\tomcrypt_misc.h">
      <Filter>stormlib\libtomcrypt</Filter>
    </ClInclude>
    <ClInclude Include="..\src\stormlib\libtomcrypt\src\headers\tomcrypt_pk.h">
      <Filter>stormlib\libtomcrypt</Filter>
    </ClInclude>
    <ClInclude Include="..\src\stormlib\libtomcrypt\src\headers\tomcrypt_pkcs.h">
      <Filter>stormlib\libtomcrypt</Filter>
    </ClInclude>
    <ClInclude Include="..\src\stormlib\libtomcrypt\src\headers\tomcrypt_prng.h">
      <Filter>stormlib\libtomcrypt</Filter>
    </ClInclude>
    <ClInclude Include="..\src\stormlib\zlib\crc32.h">
      <Filter>stormlib\zlib</Filter>
    </ClInclude>
    <ClInclude Include="..\src\stormlib\zlib\deflate.h">
      <Filter>stormlib\zlib</Filter>
    </ClInclude>
    <ClInclude Include="..\src\stormlib\zlib\inffast.h">
      <Filter>stormlib\zlib</Filter>
    </ClInclude>
    <ClInclude Include="..\src\stormlib\zlib\inffixed.h">
      <Filter>stormlib\zlib</Filter>
    </ClInclude>
    <ClInclude Include="..\src\stormlib\zlib\inflate.h">
      <Filter>stormlib\zlib</Filter>
    </ClInclude>
    <ClInclude Include="..\src\stormlib\zlib\inftrees.h">
      <Filter>stormlib\zlib</Filter>
    </ClInclude>
    <ClInclude Include="..\src\stormlib\zlib\trees.h">
      <Filter>stormlib\zlib</Filter>
    </ClInclude>
    <ClInclude Include="..\src\stormlib\zlib\zconf.h">
      <Filter>stormlib\zlib</Filter>
    </ClInclude>
    <ClInclude Include="..\src\stormlib\zlib\zlib.h">
      <Filter>stormlib\zlib</Filter>
    </ClInclude>
    <ClInclude Include="..\src\stormlib\zlib\zutil.h">
      <Filter>stormlib\zlib</Filter>
    </ClInclude>
    <ClInclude Include="..\src\stormlib\sparse\sparse.h">
      <Filter>stormlib\sparse</Filter>
    </ClInclude>
    <ClInclude Include="..\src\stormlib\jenkins\lookup.h">
      <Filter>stormlib\jenkins</Filter>
    </ClInclude>
    <ClInclude Include="..\src\stormlib\pklib\pklib.h">
      <Filter>stormlib\pklib</Filter>
    </ClInclude>
    <ClInclude Include="..\src\compiler\ir_instructions.h">
      <Filter>compiler</Filter>
    </ClInclude>
    <ClInclude Include="..\src\compiler\ir_utility.h">
      <Filter>compiler</Filter>
    </ClInclude>
    <ClInclude Include="..\src\compiler\ir_constants.h">
      <Filter>compiler</Filter>
    </ClInclude>
    <ClInclude Include="..\src\pretty_errors.h">
      <Filter>src</Filter>
    </ClInclude>
    <ClInclude Include="..\src\debugger\memsearch.h">
      <Filter>debugger</Filter>
    </ClInclude>
    <ClInclude Include="..\src\debugger\process_util.h">
      <Filter>debugger</Filter>
    </ClInclude>
    <ClInclude Include="..\src\debugger\reg_table.h">
      <Filter>debugger</Filter>
    </ClInclude>
    <ClInclude Include="..\src\mpq_wrapper.h">
      <Filter>src</Filter>
    </ClInclude>
    <ClInclude Include="..\src\debugger\debugger.h">
      <Filter>debugger</Filter>
    </ClInclude>
    <ClInclude Include="..\src\debugger\memwatch.h">
      <Filter>debugger</Filter>
    </ClInclude>
    <ClInclude Include="..\src\debugger\debugger_thread.h">
      <Filter>debugger</Filter>
    </ClInclude>
    <ClInclude Include="..\src\debugger\debugger_cmds.h">
      <Filter>debugger</Filter>
    </ClInclude>
    <ClInclude Include="..\src\debugger\debugger_cli.h">
      <Filter>debugger</Filter>
    </ClInclude>
    <ClInclude Include="..\src\debugger\debugger_vscode.h">
      <Filter>debugger</Filter>
    </ClInclude>
    <ClInclude Include="..\src\compiler\reg_aliases.h">
      <Filter>compiler</Filter>
    </ClInclude>
    <ClInclude Include="..\src\compiler\ir_exceptions.h">
      <Filter>compiler</Filter>
    </ClInclude>
    <ClInclude Include="..\src\log_interface_stdout.h">
      <Filter>src</Filter>
    </ClInclude>
    <ClInclude Include="..\src\debugger\log_interface_vscode.h">
      <Filter>debugger</Filter>
    </ClInclude>
    <ClInclude Include="..\src\debugger\rapidjson\allocators.h">
      <Filter>debugger\rapidjson</Filter>
    </ClInclude>
    <ClInclude Include="..\src\debugger\rapidjson\document.h">
      <Filter>debugger\rapidjson</Filter>
    </ClInclude>
    <ClInclude Include="..\src\debugger\rapidjson\encodedstream.h">
      <Filter>debugger\rapidjson</Filter>
    </ClInclude>
    <ClInclude Include="..\src\debugger\rapidjson\encodings.h">
      <Filter>debugger\rapidjson</Filter>
    </ClInclude>
    <ClInclude Include="..\src\debugger\rapidjson\filereadstream.h">
      <Filter>debugger\rapidjson</Filter>
    </ClInclude>
    <ClInclude Include="..\src\debugger\rapidjson\filewritestream.h">
      <Filter>debugger\rapidjson</Filter>
    </ClInclude>
    <ClInclude Include="..\src\debugger\rapidjson\fwd.h">
      <Filter>debugger\rapidjson</Filter>
    </ClInclude>
    <ClInclude Include="..\src\debugger\rapidjson\istreamwrapper.h">
      <Filter>debugger\rapidjson</Filter>
    </ClInclude>
    <ClInclude Include="..\src\debugger\rapidjson\memorybuffer.h">
      <Filter>debugger\rapidjson</Filter>
    </ClInclude>
    <ClInclude Include="..\src\debugger\rapidjson\memorystream.h">
      <Filter>debugger\rapidjson</Filter>
    </ClInclude>
    <ClInclude Include="..\src\debugger\rapidjson\ostreamwrapper.h">
      <Filter>debugger\rapidjson</Filter>
    </ClInclude>
    <ClInclude Include="..\src\debugger\rapidjson\pointer.h">
      <Filter>debugger\rapidjson</Filter>
    </ClInclude>
    <ClInclude Include="..\src\debugger\rapidjson\prettywriter.h">
      <Filter>debugger\rapidjson</Filter>
    </ClInclude>
    <ClInclude Include="..\src\debugger\rapidjson\rapidjson.h">
      <Filter>debugger\rapidjson</Filter>
    </ClInclude>
    <ClInclude Include="..\src\debugger\rapidjson\reader.h">
      <Filter>debugger\rapidjson</Filter>
    </ClInclude>
    <ClInclude Include="..\src\debugger\rapidjson\schema.h">
      <Filter>debugger\rapidjson</Filter>
    </ClInclude>
    <ClInclude Include="..\src\debugger\rapidjson\stream.h">
      <Filter>debugger\rapidjson</Filter>
    </ClInclude>
    <ClInclude Include="..\src\debugger\rapidjson\stringbuffer.h">
      <Filter>debugger\rapidjson</Filter>
    </ClInclude>
    <ClInclude Include="..\src\debugger\rapidjson\writer.h">
      <Filter>debugger\rapidjson</Filter>
    </ClInclude>
    <ClInclude Include="..\src\debugger\debugger_protocol.h">
      <Filter>debugger</Filter>
    </ClInclude>
    <ClInclude Include="..\src\debugger\debugger_util.h">
      <Filter>debugger</Filter>
    </ClInclude>
    <ClInclude Include="..\src\libchk\src\chk.h">
      <Filter>libchk</Filter>
    </ClInclude>
    <ClInclude Include="..\src\libchk\src\constants.h">
      <Filter>libchk</Filter>
    </ClInclude>
    <ClInclude Include="..\src\libchk\src\cuwpchunk.h">
      <Filter>libchk</Filter>
    </ClInclude>
    <ClInclude Include="..\src\libchk\src\cuwpusedchunk.h">
      <Filter>libchk</Filter>
    </ClInclude>
    <ClInclude Include="..\src\libchk\src\dimchunk.h">
      <Filter>libchk</Filter>
    </ClInclude>
    <ClInclude Include="..\src\libchk\src\enums.h">
      <Filter>libchk</Filter>
    </ClInclude>
    <ClInclude Include="..\src\libchk\src\ichunk.h">
      <Filter>libchk</Filter>
    </ClInclude>
    <ClInclude Include="..\src\libchk\src\iownchunk.h">
      <Filter>libchk</Filter>
    </ClInclude>
    <ClInclude Include="..\src\libchk\src\langumschunk.h">
      <Filter>libchk</Filter>
    </ClInclude>
    <ClInclude Include="..\src\libchk\src\locationschunk.h">
      <Filter>libchk</Filter>
    </ClInclude>
    <ClInclude Include="..\src\libchk\src\ownrchunk.h">
      <Filter>libchk</Filter>
    </ClInclude>
    <ClInclude Include="..\src\libchk\src\serialization.h">
      <Filter>libchk</Filter>
    </ClInclude>
    <ClInclude Include="..\src\libchk\src\stringschunk.h">
      <Filter>libchk</Filter>
    </ClInclude>
    <ClInclude Include="..\src\libchk\src\tilesetchunk.h">
      <Filter>libchk</Filter>
    </ClInclude>
    <ClInclude Include="..\src\libchk\src\triggerschunk.h">
      <Filter>libchk</Filter>
    </ClInclude>
    <ClInclude Include="..\src\libchk\src\verchunk.h">
      <Filter>libchk</Filter>
    </ClInclude>
    <ClInclude Include="..\src\libchk\src\wavchunk.h">
      <Filter>libchk</Filter>
    </ClInclude>
  </ItemGroup>
</Project>