
Microsoft Visual Studio Solution File, Format Version 12.00
# Visual Studio 15
VisualStudioVersion = 15.0.27004.2005
MinimumVisualStudioVersion = 10.0.40219.1
Project("{8BC9CEB8-8B4A-11D0-8D11-00A0C91BC942}") = "langums", "langums.vcxproj", "{E8800F88-1303-4EE5-8479-7767BADF2A69}"
EndProject
Project("{8BC9CEB8-8B4A-11D0-8D11-00A0C91BC942}") = "test-runner", "test-runner.vcxproj", "{72B7F05D-06D3-42DD-90AC-9390CA829EBB}"
	ProjectSection(ProjectDependencies) = postProject
		{E8800F88-1303-4EE5-8479-7767BADF2A69} = {E8800F88-1303-4EE5-8479-7767BADF2A69}
	EndProjectSection
EndProject
Global
	GlobalSection(SolutionConfigurationPlatforms) = preSolution
		Debug|x86 = Debug|x86
		Release|x86 = Release|x86
	EndGlobalSection
	GlobalSection(ProjectConfigurationPlatforms) = postSolution
		{E8800F88-1303-4EE5-8479-7767BADF2A69}.Debug|x86.ActiveCfg = Debug|Win32
		{E8800F88-1303-4EE5-8479-7767BADF2A69}.Debug|x86.Build.0 = Debug|Win32
		{E8800F88-1303-4EE5-8479-7767BADF2A69}.Release|x86.ActiveCfg = Release|Win32
		{E8800F88-1303-4EE5-8479-7767BADF2A69}.Release|x86.Build.0 = Release|Win32
		{72B7F05D-06D3-42DD-90AC-9390CA829EBB}.Debug|x86.ActiveCfg = Debug|Win32
		{72B7F05D-06D3-42DD-90AC-9390CA829EBB}.Debug|x86.Build.0 = Debug|Win32
		{72B7F05D-06D3-42DD-90AC-9390CA829EBB}.Release|x86.ActiveCfg = Release|Win32
		{72B7F05D-06D3-42DD-90AC-9390CA829EBB}.Release|x86.Build.0 = Release|Win32
	EndGlobalSection
	GlobalSection(SolutionProperties) = preSolution
		HideSolutionNode = FALSE
	EndGlobalSection
	GlobalSection(ExtensibilityGlobals) = postSolution
		SolutionGuid = {0180417A-86E1-4E16-82E9-24EB8ACB6EB9}
	EndGlobalSection
EndGlobal
