
Microsoft Visual Studio Solution File, Format Version 12.00
# Visual Studio 15
VisualStudioVersion = 15.0.26403.7
MinimumVisualStudioVersion = 10.0.40219.1
Project("{8BC9CEB8-8B4A-11D0-8D11-00A0C91BC942}") = "langums", "langums.vcxproj", "{E8800F88-1303-4EE5-8479-7767BADF2A69}"
EndProject
Project("{8BC9CEB8-8B4A-11D0-8D11-00A0C91BC942}") = "ldb", "..\ldb\ldb.vcxproj", "{33A374AA-B767-474B-AE21-53381DB93823}"
EndProject
Global
	GlobalSection(SolutionConfigurationPlatforms) = preSolution
		Debug|x64 = Debug|x64
		Debug|x86 = Debug|x86
		Release|x64 = Release|x64
		Release|x86 = Release|x86
	EndGlobalSection
	GlobalSection(ProjectConfigurationPlatforms) = postSolution
		{E8800F88-1303-4EE5-8479-7767BADF2A69}.Debug|x64.ActiveCfg = Debug|x64
		{E8800F88-1303-4EE5-8479-7767BADF2A69}.Debug|x64.Build.0 = Debug|x64
		{E8800F88-1303-4EE5-8479-7767BADF2A69}.Debug|x86.ActiveCfg = Debug|Win32
		{E8800F88-1303-4EE5-8479-7767BADF2A69}.Debug|x86.Build.0 = Debug|Win32
		{E8800F88-1303-4EE5-8479-7767BADF2A69}.Release|x64.ActiveCfg = Release|x64
		{E8800F88-1303-4EE5-8479-7767BADF2A69}.Release|x64.Build.0 = Release|x64
		{E8800F88-1303-4EE5-8479-7767BADF2A69}.Release|x86.ActiveCfg = Release|Win32
		{E8800F88-1303-4EE5-8479-7767BADF2A69}.Release|x86.Build.0 = Release|Win32
		{33A374AA-B767-474B-AE21-53381DB93823}.Debug|x64.ActiveCfg = Debug|x64
		{33A374AA-B767-474B-AE21-53381DB93823}.Debug|x64.Build.0 = Debug|x64
		{33A374AA-B767-474B-AE21-53381DB93823}.Debug|x86.ActiveCfg = Debug|Win32
		{33A374AA-B767-474B-AE21-53381DB93823}.Debug|x86.Build.0 = Debug|Win32
		{33A374AA-B767-474B-AE21-53381DB93823}.Release|x64.ActiveCfg = Release|x64
		{33A374AA-B767-474B-AE21-53381DB93823}.Release|x64.Build.0 = Release|x64
		{33A374AA-B767-474B-AE21-53381DB93823}.Release|x86.ActiveCfg = Release|Win32
		{33A374AA-B767-474B-AE21-53381DB93823}.Release|x86.Build.0 = Release|Win32
	EndGlobalSection
	GlobalSection(SolutionProperties) = preSolution
		HideSolutionNode = FALSE
	EndGlobalSection
EndGlobal
